// !$*UTF8*$!
{
	archiveVersion = 1;
	classes = {
	};
	objectVersion = 46;
	objects = {

/* Begin PBXBuildFile section */
		75423B181B0E91E200C5A84C /* AppDelegate.swift in Sources */ = {isa = PBXBuildFile; fileRef = 75423B171B0E91E200C5A84C /* AppDelegate.swift */; };
		75423B1B1B0E91E200C5A84C /* IOSProject00.xcdatamodeld in Sources */ = {isa = PBXBuildFile; fileRef = 75423B191B0E91E200C5A84C /* IOSProject00.xcdatamodeld */; };
		75423B1D1B0E91E200C5A84C /* ViewController.swift in Sources */ = {isa = PBXBuildFile; fileRef = 75423B1C1B0E91E200C5A84C /* ViewController.swift */; };
		75423B201B0E91E200C5A84C /* Main.storyboard in Resources */ = {isa = PBXBuildFile; fileRef = 75423B1E1B0E91E200C5A84C /* Main.storyboard */; };
		75423B221B0E91E200C5A84C /* Images.xcassets in Resources */ = {isa = PBXBuildFile; fileRef = 75423B211B0E91E200C5A84C /* Images.xcassets */; };
		75423B251B0E91E200C5A84C /* LaunchScreen.xib in Resources */ = {isa = PBXBuildFile; fileRef = 75423B231B0E91E200C5A84C /* LaunchScreen.xib */; };
		75423B311B0E91E200C5A84C /* IOSProject00Tests.swift in Sources */ = {isa = PBXBuildFile; fileRef = 75423B301B0E91E200C5A84C /* IOSProject00Tests.swift */; };
/* End PBXBuildFile section */

/* Begin PBXContainerItemProxy section */
		75423B2B1B0E91E200C5A84C /* PBXContainerItemProxy */ = {
			isa = PBXContainerItemProxy;
			containerPortal = 75423B0A1B0E91E200C5A84C /* Project object */;
			proxyType = 1;
			remoteGlobalIDString = 75423B111B0E91E200C5A84C;
			remoteInfo = IOSProject00;
		};
/* End PBXContainerItemProxy section */

/* Begin PBXFileReference section */
		75423B121B0E91E200C5A84C /* IOSProject00.app */ = {isa = PBXFileReference; explicitFileType = wrapper.application; includeInIndex = 0; path = IOSProject00.app; sourceTree = BUILT_PRODUCTS_DIR; };
		75423B161B0E91E200C5A84C /* Info.plist */ = {isa = PBXFileReference; lastKnownFileType = text.plist.xml; path = Info.plist; sourceTree = "<group>"; };
		75423B171B0E91E200C5A84C /* AppDelegate.swift */ = {isa = PBXFileReference; lastKnownFileType = sourcecode.swift; path = AppDelegate.swift; sourceTree = "<group>"; };
		75423B1A1B0E91E200C5A84C /* IOSProject00.xcdatamodel */ = {isa = PBXFileReference; lastKnownFileType = wrapper.xcdatamodel; path = IOSProject00.xcdatamodel; sourceTree = "<group>"; };
		75423B1C1B0E91E200C5A84C /* ViewController.swift */ = {isa = PBXFileReference; lastKnownFileType = sourcecode.swift; path = ViewController.swift; sourceTree = "<group>"; };
		75423B1F1B0E91E200C5A84C /* Base */ = {isa = PBXFileReference; lastKnownFileType = file.storyboard; name = Base; path = Base.lproj/Main.storyboard; sourceTree = "<group>"; };
		75423B211B0E91E200C5A84C /* Images.xcassets */ = {isa = PBXFileReference; lastKnownFileType = folder.assetcatalog; path = Images.xcassets; sourceTree = "<group>"; };
		75423B241B0E91E200C5A84C /* Base */ = {isa = PBXFileReference; lastKnownFileType = file.xib; name = Base; path = Base.lproj/LaunchScreen.xib; sourceTree = "<group>"; };
		75423B2A1B0E91E200C5A84C /* IOSProject00Tests.xctest */ = {isa = PBXFileReference; explicitFileType = wrapper.cfbundle; includeInIndex = 0; path = IOSProject00Tests.xctest; sourceTree = BUILT_PRODUCTS_DIR; };
		75423B2F1B0E91E200C5A84C /* Info.plist */ = {isa = PBXFileReference; lastKnownFileType = text.plist.xml; path = Info.plist; sourceTree = "<group>"; };
		75423B301B0E91E200C5A84C /* IOSProject00Tests.swift */ = {isa = PBXFileReference; lastKnownFileType = sourcecode.swift; path = IOSProject00Tests.swift; sourceTree = "<group>"; };
/* End PBXFileReference section */

/* Begin PBXFrameworksBuildPhase section */
		75423B0F1B0E91E200C5A84C /* Frameworks */ = {
			isa = PBXFrameworksBuildPhase;
			buildActionMask = 2147483647;
			files = (
			);
			runOnlyForDeploymentPostprocessing = 0;
		};
		75423B271B0E91E200C5A84C /* Frameworks */ = {
			isa = PBXFrameworksBuildPhase;
			buildActionMask = 2147483647;
			files = (
			);
			runOnlyForDeploymentPostprocessing = 0;
		};
/* End PBXFrameworksBuildPhase section */

/* Begin PBXGroup section */
		75423B091B0E91E100C5A84C = {
			isa = PBXGroup;
			children = (
				75423B141B0E91E200C5A84C /* IOSProject00 */,
				75423B2D1B0E91E200C5A84C /* IOSProject00Tests */,
				75423B131B0E91E200C5A84C /* Products */,
			);
			sourceTree = "<group>";
		};
		75423B131B0E91E200C5A84C /* Products */ = {
			isa = PBXGroup;
			children = (
				75423B121B0E91E200C5A84C /* IOSProject00.app */,
				75423B2A1B0E91E200C5A84C /* IOSProject00Tests.xctest */,
			);
			name = Products;
			sourceTree = "<group>";
		};
		75423B141B0E91E200C5A84C /* IOSProject00 */ = {
			isa = PBXGroup;
			children = (
				75423B171B0E91E200C5A84C /* AppDelegate.swift */,
				75423B1C1B0E91E200C5A84C /* ViewController.swift */,
				75423B1E1B0E91E200C5A84C /* Main.storyboard */,
				75423B211B0E91E200C5A84C /* Images.xcassets */,
				75423B231B0E91E200C5A84C /* LaunchScreen.xib */,
				75423B191B0E91E200C5A84C /* IOSProject00.xcdatamodeld */,
				75423B151B0E91E200C5A84C /* Supporting Files */,
			);
			path = IOSProject00;
			sourceTree = "<group>";
		};
		75423B151B0E91E200C5A84C /* Supporting Files */ = {
			isa = PBXGroup;
			children = (
				75423B161B0E91E200C5A84C /* Info.plist */,
			);
			name = "Supporting Files";
			sourceTree = "<group>";
		};
		75423B2D1B0E91E200C5A84C /* IOSProject00Tests */ = {
			isa = PBXGroup;
			children = (
				75423B301B0E91E200C5A84C /* IOSProject00Tests.swift */,
				75423B2E1B0E91E200C5A84C /* Supporting Files */,
			);
			path = IOSProject00Tests;
			sourceTree = "<group>";
		};
		75423B2E1B0E91E200C5A84C /* Supporting Files */ = {
			isa = PBXGroup;
			children = (
				75423B2F1B0E91E200C5A84C /* Info.plist */,
			);
			name = "Supporting Files";
			sourceTree = "<group>";
		};
/* End PBXGroup section */

/* Begin PBXNativeTarget section */
		75423B111B0E91E200C5A84C /* IOSProject00 */ = {
			isa = PBXNativeTarget;
			buildConfigurationList = 75423B341B0E91E200C5A84C /* Build configuration list for PBXNativeTarget "IOSProject00" */;
			buildPhases = (
				75423B0E1B0E91E200C5A84C /* Sources */,
				75423B0F1B0E91E200C5A84C /* Frameworks */,
				75423B101B0E91E200C5A84C /* Resources */,
			);
			buildRules = (
			);
			dependencies = (
			);
			name = IOSProject00;
			productName = IOSProject00;
			productReference = 75423B121B0E91E200C5A84C /* IOSProject00.app */;
			productType = "com.apple.product-type.application";
		};
		75423B291B0E91E200C5A84C /* IOSProject00Tests */ = {
			isa = PBXNativeTarget;
			buildConfigurationList = 75423B371B0E91E200C5A84C /* Build configuration list for PBXNativeTarget "IOSProject00Tests" */;
			buildPhases = (
				75423B261B0E91E200C5A84C /* Sources */,
				75423B271B0E91E200C5A84C /* Frameworks */,
				75423B281B0E91E200C5A84C /* Resources */,
			);
			buildRules = (
			);
			dependencies = (
				75423B2C1B0E91E200C5A84C /* PBXTargetDependency */,
			);
			name = IOSProject00Tests;
			productName = IOSProject00Tests;
			productReference = 75423B2A1B0E91E200C5A84C /* IOSProject00Tests.xctest */;
			productType = "com.apple.product-type.bundle.unit-test";
		};
/* End PBXNativeTarget section */

/* Begin PBXProject section */
		75423B0A1B0E91E200C5A84C /* Project object */ = {
			isa = PBXProject;
			attributes = {
				LastUpgradeCheck = 0610;
				ORGANIZATIONNAME = internet;
				TargetAttributes = {
					75423B111B0E91E200C5A84C = {
						CreatedOnToolsVersion = 6.1.1;
					};
					75423B291B0E91E200C5A84C = {
						CreatedOnToolsVersion = 6.1.1;
						TestTargetID = 75423B111B0E91E200C5A84C;
					};
				};
			};
			buildConfigurationList = 75423B0D1B0E91E200C5A84C /* Build configuration list for PBXProject "IOSProject00" */;
			compatibilityVersion = "Xcode 3.2";
			developmentRegion = English;
			hasScannedForEncodings = 0;
			knownRegions = (
				en,
				Base,
			);
			mainGroup = 75423B091B0E91E100C5A84C;
			productRefGroup = 75423B131B0E91E200C5A84C /* Products */;
			projectDirPath = "";
			projectRoot = "";
			targets = (
				75423B111B0E91E200C5A84C /* IOSProject00 */,
				75423B291B0E91E200C5A84C /* IOSProject00Tests */,
			);
		};
/* End PBXProject section */

/* Begin PBXResourcesBuildPhase section */
		75423B101B0E91E200C5A84C /* Resources */ = {
			isa = PBXResourcesBuildPhase;
			buildActionMask = 2147483647;
			files = (
				75423B201B0E91E200C5A84C /* Main.storyboard in Resources */,
				75423B251B0E91E200C5A84C /* LaunchScreen.xib in Resources */,
				75423B221B0E91E200C5A84C /* Images.xcassets in Resources */,
			);
			runOnlyForDeploymentPostprocessing = 0;
		};
		75423B281B0E91E200C5A84C /* Resources */ = {
			isa = PBXResourcesBuildPhase;
			buildActionMask = 2147483647;
			files = (
			);
			runOnlyForDeploymentPostprocessing = 0;
		};
/* End PBXResourcesBuildPhase section */

/* Begin PBXSourcesBuildPhase section */
		75423B0E1B0E91E200C5A84C /* Sources */ = {
			isa = PBXSourcesBuildPhase;
			buildActionMask = 2147483647;
			files = (
				75423B1D1B0E91E200C5A84C /* ViewController.swift in Sources */,
				75423B181B0E91E200C5A84C /* AppDelegate.swift in Sources */,
				75423B1B1B0E91E200C5A84C /* IOSProject00.xcdatamodeld in Sources */,
			);
			runOnlyForDeploymentPostprocessing = 0;
		};
		75423B261B0E91E200C5A84C /* Sources */ = {
			isa = PBXSourcesBuildPhase;
			buildActionMask = 2147483647;
			files = (
				75423B311B0E91E200C5A84C /* IOSProject00Tests.swift in Sources */,
			);
			runOnlyForDeploymentPostprocessing = 0;
		};
/* End PBXSourcesBuildPhase section */

/* Begin PBXTargetDependency section */
		75423B2C1B0E91E200C5A84C /* PBXTargetDependency */ = {
			isa = PBXTargetDependency;
			target = 75423B111B0E91E200C5A84C /* IOSProject00 */;
			targetProxy = 75423B2B1B0E91E200C5A84C /* PBXContainerItemProxy */;
		};
/* End PBXTargetDependency section */

/* Begin PBXVariantGroup section */
		75423B1E1B0E91E200C5A84C /* Main.storyboard */ = {
			isa = PBXVariantGroup;
			children = (
				75423B1F1B0E91E200C5A84C /* Base */,
			);
			name = Main.storyboard;
			sourceTree = "<group>";
		};
		75423B231B0E91E200C5A84C /* LaunchScreen.xib */ = {
			isa = PBXVariantGroup;
			children = (
				75423B241B0E91E200C5A84C /* Base */,
			);
			name = LaunchScreen.xib;
			sourceTree = "<group>";
		};
/* End PBXVariantGroup section */

/* Begin XCBuildConfiguration section */
		75423B321B0E91E200C5A84C /* Debug */ = {
			isa = XCBuildConfiguration;
			buildSettings = {
				ALWAYS_SEARCH_USER_PATHS = NO;
				CLANG_CXX_LANGUAGE_STANDARD = "gnu++0x";
				CLANG_CXX_LIBRARY = "libc++";
				CLANG_ENABLE_MODULES = YES;
				CLANG_ENABLE_OBJC_ARC = YES;
				CLANG_WARN_BOOL_CONVERSION = YES;
				CLANG_WARN_CONSTANT_CONVERSION = YES;
				CLANG_WARN_DIRECT_OBJC_ISA_USAGE = YES_ERROR;
				CLANG_WARN_EMPTY_BODY = YES;
				CLANG_WARN_ENUM_CONVERSION = YES;
				CLANG_WARN_INT_CONVERSION = YES;
				CLANG_WARN_OBJC_ROOT_CLASS = YES_ERROR;
				CLANG_WARN_UNREACHABLE_CODE = YES;
				CLANG_WARN__DUPLICATE_METHOD_MATCH = YES;
				"CODE_SIGN_IDENTITY[sdk=iphoneos*]" = "iPhone Developer";
				COPY_PHASE_STRIP = NO;
				ENABLE_STRICT_OBJC_MSGSEND = YES;
				GCC_C_LANGUAGE_STANDARD = gnu99;
				GCC_DYNAMIC_NO_PIC = NO;
				GCC_OPTIMIZATION_LEVEL = 0;
				GCC_PREPROCESSOR_DEFINITIONS = (
					"DEBUG=1",
					"$(inherited)",
				);
				GCC_SYMBOLS_PRIVATE_EXTERN = NO;
				GCC_WARN_64_TO_32_BIT_CONVERSION = YES;
				GCC_WARN_ABOUT_RETURN_TYPE = YES_ERROR;
				GCC_WARN_UNDECLARED_SELECTOR = YES;
				GCC_WARN_UNINITIALIZED_AUTOS = YES_AGGRESSIVE;
				GCC_WARN_UNUSED_FUNCTION = YES;
				GCC_WARN_UNUSED_VARIABLE = YES;
				IPHONEOS_DEPLOYMENT_TARGET = 8.1;
				MTL_ENABLE_DEBUG_INFO = YES;
				ONLY_ACTIVE_ARCH = YES;
				SDKROOT = iphoneos;
				SWIFT_OPTIMIZATION_LEVEL = "-Onone";
			};
			name = Debug;
		};
		75423B331B0E91E200C5A84C /* Release */ = {
			isa = XCBuildConfiguration;
			buildSettings = {
				ALWAYS_SEARCH_USER_PATHS = NO;
				CLANG_CXX_LANGUAGE_STANDARD = "gnu++0x";
				CLANG_CXX_LIBRARY = "libc++";
				CLANG_ENABLE_MODULES = YES;
				CLANG_ENABLE_OBJC_ARC = YES;
				CLANG_WARN_BOOL_CONVERSION = YES;
				CLANG_WARN_CONSTANT_CONVERSION = YES;
				CLANG_WARN_DIRECT_OBJC_ISA_USAGE = YES_ERROR;
				CLANG_WARN_EMPTY_BODY = YES;
				CLANG_WARN_ENUM_CONVERSION = YES;
				CLANG_WARN_INT_CONVERSION = YES;
				CLANG_WARN_OBJC_ROOT_CLASS = YES_ERROR;
				CLANG_WARN_UNREACHABLE_CODE = YES;
				CLANG_WARN__DUPLICATE_METHOD_MATCH = YES;
				"CODE_SIGN_IDENTITY[sdk=iphoneos*]" = "iPhone Developer";
				COPY_PHASE_STRIP = YES;
				ENABLE_NS_ASSERTIONS = NO;
				ENABLE_STRICT_OBJC_MSGSEND = YES;
				GCC_C_LANGUAGE_STANDARD = gnu99;
				GCC_WARN_64_TO_32_BIT_CONVERSION = YES;
				GCC_WARN_ABOUT_RETURN_TYPE = YES_ERROR;
				GCC_WARN_UNDECLARED_SELECTOR = YES;
				GCC_WARN_UNINITIALIZED_AUTOS = YES_AGGRESSIVE;
				GCC_WARN_UNUSED_FUNCTION = YES;
				GCC_WARN_UNUSED_VARIABLE = YES;
				IPHONEOS_DEPLOYMENT_TARGET = 8.1;
				MTL_ENABLE_DEBUG_INFO = NO;
				SDKROOT = iphoneos;
				VALIDATE_PRODUCT = YES;
			};
			name = Release;
		};
		75423B351B0E91E200C5A84C /* Debug */ = {
			isa = XCBuildConfiguration;
			buildSettings = {
				ASSETCATALOG_COMPILER_APPICON_NAME = AppIcon;
				INFOPLIST_FILE = IOSProject00/Info.plist;
				LD_RUNPATH_SEARCH_PATHS = "$(inherited) @executable_path/Frameworks";
				PRODUCT_NAME = "$(TARGET_NAME)";
			};
			name = Debug;
		};
		75423B361B0E91E200C5A84C /* Release */ = {
			isa = XCBuildConfiguration;
			buildSettings = {
				ASSETCATALOG_COMPILER_APPICON_NAME = AppIcon;
				INFOPLIST_FILE = IOSProject00/Info.plist;
				LD_RUNPATH_SEARCH_PATHS = "$(inherited) @executable_path/Frameworks";
				PRODUCT_NAME = "$(TARGET_NAME)";
			};
			name = Release;
		};
		75423B381B0E91E200C5A84C /* Debug */ = {
			isa = XCBuildConfiguration;
			buildSettings = {
				BUNDLE_LOADER = "$(TEST_HOST)";
				FRAMEWORK_SEARCH_PATHS = (
					"$(SDKROOT)/Developer/Library/Frameworks",
					"$(inherited)",
				);
				GCC_PREPROCESSOR_DEFINITIONS = (
					"DEBUG=1",
					"$(inherited)",
				);
				INFOPLIST_FILE = IOSProject00Tests/Info.plist;
				LD_RUNPATH_SEARCH_PATHS = "$(inherited) @executable_path/Frameworks @loader_path/Frameworks";
				PRODUCT_NAME = "$(TARGET_NAME)";
				TEST_HOST = "$(BUILT_PRODUCTS_DIR)/IOSProject00.app/IOSProject00";
			};
			name = Debug;
		};
		75423B391B0E91E200C5A84C /* Release */ = {
			isa = XCBuildConfiguration;
			buildSettings = {
				BUNDLE_LOADER = "$(TEST_HOST)";
				FRAMEWORK_SEARCH_PATHS = (
					"$(SDKROOT)/Developer/Library/Frameworks",
					"$(inherited)",
				);
				INFOPLIST_FILE = IOSProject00Tests/Info.plist;
				LD_RUNPATH_SEARCH_PATHS = "$(inherited) @executable_path/Frameworks @loader_path/Frameworks";
				PRODUCT_NAME = "$(TARGET_NAME)";
				TEST_HOST = "$(BUILT_PRODUCTS_DIR)/IOSProject00.app/IOSProject00";
			};
			name = Release;
		};
/* End XCBuildConfiguration section */

/* Begin XCConfigurationList section */
		75423B0D1B0E91E200C5A84C /* Build configuration list for PBXProject "IOSProject00" */ = {
			isa = XCConfigurationList;
			buildConfigurations = (
				75423B321B0E91E200C5A84C /* Debug */,
				75423B331B0E91E200C5A84C /* Release */,
			);
			defaultConfigurationIsVisible = 0;
			defaultConfigurationName = Release;
		};
		75423B341B0E91E200C5A84C /* Build configuration list for PBXNativeTarget "IOSProject00" */ = {
			isa = XCConfigurationList;
			buildConfigurations = (
				75423B351B0E91E200C5A84C /* Debug */,
				75423B361B0E91E200C5A84C /* Release */,
			);
			defaultConfigurationIsVisible = 0;
		};
		75423B371B0E91E200C5A84C /* Build configuration list for PBXNativeTarget "IOSProject00Tests" */ = {
			isa = XCConfigurationList;
			buildConfigurations = (
				75423B381B0E91E200C5A84C /* Debug */,
				75423B391B0E91E200C5A84C /* Release */,
			);
			defaultConfigurationIsVisible = 0;
		};
/* End XCConfigurationList section */

/* Begin XCVersionGroup section */
		75423B191B0E91E200C5A84C /* IOSProject00.xcdatamodeld */ = {
			isa = XCVersionGroup;
			children = (
				75423B1A1B0E91E200C5A84C /* IOSProject00.xcdatamodel */,
			);
			currentVersion = 75423B1A1B0E91E200C5A84C /* IOSProject00.xcdatamodel */;
			path = IOSProject00.xcdatamodeld;
			sourceTree = "<group>";
			versionGroupType = wrapper.xcdatamodel;
		};
/* End XCVersionGroup section */
	};
	rootObject = 75423B0A1B0E91E200C5A84C /* Project object */;
}
